// !$*UTF8*$!
{
	archiveVersion = 1;
	classes = {
	};
	objectVersion = 56;
	objects = {

/* Begin PBXBuildFile section */
		E30FC4192BDBAB0D00464D32 /* AppDelegate.swift in Sources */ = {isa = PBXBuildFile; fileRef = E30FC4182BDBAB0D00464D32 /* AppDelegate.swift */; };
		E30FC41B2BDBAB0D00464D32 /* SceneDelegate.swift in Sources */ = {isa = PBXBuildFile; fileRef = E30FC41A2BDBAB0D00464D32 /* SceneDelegate.swift */; };
		E30FC41D2BDBAB0D00464D32 /* MainVC.swift in Sources */ = {isa = PBXBuildFile; fileRef = E30FC41C2BDBAB0D00464D32 /* MainVC.swift */; };
		E30FC4202BDBAB0D00464D32 /* Main.storyboard in Resources */ = {isa = PBXBuildFile; fileRef = E30FC41E2BDBAB0D00464D32 /* Main.storyboard */; };
		E30FC4222BDBAB1300464D32 /* Assets.xcassets in Resources */ = {isa = PBXBuildFile; fileRef = E30FC4212BDBAB1300464D32 /* Assets.xcassets */; };
		E30FC4252BDBAB1300464D32 /* LaunchScreen.storyboard in Resources */ = {isa = PBXBuildFile; fileRef = E30FC4232BDBAB1300464D32 /* LaunchScreen.storyboard */; };
		E30FC42D2BDBACAB00464D32 /* TimerObject.swift in Sources */ = {isa = PBXBuildFile; fileRef = E30FC42C2BDBACAB00464D32 /* TimerObject.swift */; };
		E34630E12BDBE4E60062376D /* Extensions.swift in Sources */ = {isa = PBXBuildFile; fileRef = E34630E02BDBE4E50062376D /* Extensions.swift */; };
		E34630E42BDBE7C80062376D /* SecondVC.swift in Sources */ = {isa = PBXBuildFile; fileRef = E34630E22BDBE7C80062376D /* SecondVC.swift */; };
		E34630E82BDBE9FB0062376D /* Alamofire in Frameworks */ = {isa = PBXBuildFile; productRef = E34630E72BDBE9FB0062376D /* Alamofire */; };
		E3497B6F2BDC393500179232 /* Model.swift in Sources */ = {isa = PBXBuildFile; fileRef = E3497B6E2BDC393500179232 /* Model.swift */; };
		E34DA2BF2BDD4A6D00ACF198 /* InfoCell.xib in Resources */ = {isa = PBXBuildFile; fileRef = E34DA2BE2BDD4A6D00ACF198 /* InfoCell.xib */; };
		E34DA2C32BDD504600ACF198 /* ThirdVC.swift in Sources */ = {isa = PBXBuildFile; fileRef = E34DA2C22BDD504600ACF198 /* ThirdVC.swift */; };
		E34DA2C62BDD5DBE00ACF198 /* ButtonCell.xib in Resources */ = {isa = PBXBuildFile; fileRef = E34DA2C52BDD5DBD00ACF198 /* ButtonCell.xib */; };
		E34DA2C82BDD5DE400ACF198 /* ButtonCell.swift in Sources */ = {isa = PBXBuildFile; fileRef = E34DA2C72BDD5DE400ACF198 /* ButtonCell.swift */; };
		E38399442BDD0E2900B3AD28 /* NetworkManager.swift in Sources */ = {isa = PBXBuildFile; fileRef = E38399432BDD0E2900B3AD28 /* NetworkManager.swift */; };
		E383994A2BDD257500B3AD28 /* InfoCell.swift in Sources */ = {isa = PBXBuildFile; fileRef = E38399492BDD257500B3AD28 /* InfoCell.swift */; };
		E3DB92672BDEA3DD00CF3F49 /* MainCoordinator.swift in Sources */ = {isa = PBXBuildFile; fileRef = E3DB92662BDEA3DD00CF3F49 /* MainCoordinator.swift */; };
		E3F3A1112BDE54D4005B61FA /* CacheManager.swift in Sources */ = {isa = PBXBuildFile; fileRef = E3F3A1102BDE54D4005B61FA /* CacheManager.swift */; };
		E3FE6DEB2BDD49B40061D387 /* SecondVC.xib in Resources */ = {isa = PBXBuildFile; fileRef = E3FE6DEA2BDD49B40061D387 /* SecondVC.xib */; };
/* End PBXBuildFile section */

/* Begin PBXFileReference section */
		E30FC4152BDBAB0D00464D32 /* PlayMVC.app */ = {isa = PBXFileReference; explicitFileType = wrapper.application; includeInIndex = 0; path = PlayMVC.app; sourceTree = BUILT_PRODUCTS_DIR; };
		E30FC4182BDBAB0D00464D32 /* AppDelegate.swift */ = {isa = PBXFileReference; lastKnownFileType = sourcecode.swift; path = AppDelegate.swift; sourceTree = "<group>"; };
		E30FC41A2BDBAB0D00464D32 /* SceneDelegate.swift */ = {isa = PBXFileReference; lastKnownFileType = sourcecode.swift; path = SceneDelegate.swift; sourceTree = "<group>"; };
		E30FC41C2BDBAB0D00464D32 /* MainVC.swift */ = {isa = PBXFileReference; lastKnownFileType = sourcecode.swift; path = MainVC.swift; sourceTree = "<group>"; };
		E30FC41F2BDBAB0D00464D32 /* Base */ = {isa = PBXFileReference; lastKnownFileType = file.storyboard; name = Base; path = Base.lproj/Main.storyboard; sourceTree = "<group>"; };
		E30FC4212BDBAB1300464D32 /* Assets.xcassets */ = {isa = PBXFileReference; lastKnownFileType = folder.assetcatalog; path = Assets.xcassets; sourceTree = "<group>"; };
		E30FC4242BDBAB1300464D32 /* Base */ = {isa = PBXFileReference; lastKnownFileType = file.storyboard; name = Base; path = Base.lproj/LaunchScreen.storyboard; sourceTree = "<group>"; };
		E30FC4262BDBAB1300464D32 /* Info.plist */ = {isa = PBXFileReference; lastKnownFileType = text.plist.xml; path = Info.plist; sourceTree = "<group>"; };
		E30FC42C2BDBACAB00464D32 /* TimerObject.swift */ = {isa = PBXFileReference; lastKnownFileType = sourcecode.swift; path = TimerObject.swift; sourceTree = "<group>"; };
		E34630E02BDBE4E50062376D /* Extensions.swift */ = {isa = PBXFileReference; lastKnownFileType = sourcecode.swift; path = Extensions.swift; sourceTree = "<group>"; };
		E34630E22BDBE7C80062376D /* SecondVC.swift */ = {isa = PBXFileReference; lastKnownFileType = sourcecode.swift; path = SecondVC.swift; sourceTree = "<group>"; };
		E3497B6E2BDC393500179232 /* Model.swift */ = {isa = PBXFileReference; lastKnownFileType = sourcecode.swift; path = Model.swift; sourceTree = "<group>"; };
		E34DA2BE2BDD4A6D00ACF198 /* InfoCell.xib */ = {isa = PBXFileReference; fileEncoding = 4; lastKnownFileType = file.xib; path = InfoCell.xib; sourceTree = "<group>"; };
		E34DA2C22BDD504600ACF198 /* ThirdVC.swift */ = {isa = PBXFileReference; lastKnownFileType = sourcecode.swift; path = ThirdVC.swift; sourceTree = "<group>"; };
		E34DA2C52BDD5DBD00ACF198 /* ButtonCell.xib */ = {isa = PBXFileReference; lastKnownFileType = file.xib; path = ButtonCell.xib; sourceTree = "<group>"; };
		E34DA2C72BDD5DE400ACF198 /* ButtonCell.swift */ = {isa = PBXFileReference; lastKnownFileType = sourcecode.swift; path = ButtonCell.swift; sourceTree = "<group>"; };
		E38399432BDD0E2900B3AD28 /* NetworkManager.swift */ = {isa = PBXFileReference; lastKnownFileType = sourcecode.swift; path = NetworkManager.swift; sourceTree = "<group>"; };
		E38399492BDD257500B3AD28 /* InfoCell.swift */ = {isa = PBXFileReference; lastKnownFileType = sourcecode.swift; path = InfoCell.swift; sourceTree = "<group>"; };
		E3DB92662BDEA3DD00CF3F49 /* MainCoordinator.swift */ = {isa = PBXFileReference; lastKnownFileType = sourcecode.swift; path = MainCoordinator.swift; sourceTree = "<group>"; };
		E3F3A1102BDE54D4005B61FA /* CacheManager.swift */ = {isa = PBXFileReference; lastKnownFileType = sourcecode.swift; path = CacheManager.swift; sourceTree = "<group>"; };
		E3FE6DEA2BDD49B40061D387 /* SecondVC.xib */ = {isa = PBXFileReference; fileEncoding = 4; lastKnownFileType = file.xib; path = SecondVC.xib; sourceTree = "<group>"; };
/* End PBXFileReference section */

/* Begin PBXFrameworksBuildPhase section */
		E30FC4122BDBAB0D00464D32 /* Frameworks */ = {
			isa = PBXFrameworksBuildPhase;
			buildActionMask = 2147483647;
			files = (
				E34630E82BDBE9FB0062376D /* Alamofire in Frameworks */,
			);
			runOnlyForDeploymentPostprocessing = 0;
		};
/* End PBXFrameworksBuildPhase section */

/* Begin PBXGroup section */
		E30FC40C2BDBAB0D00464D32 = {
			isa = PBXGroup;
			children = (
				E30FC4172BDBAB0D00464D32 /* PlayMVC */,
				E30FC4162BDBAB0D00464D32 /* Products */,
			);
			sourceTree = "<group>";
		};
		E30FC4162BDBAB0D00464D32 /* Products */ = {
			isa = PBXGroup;
			children = (
				E30FC4152BDBAB0D00464D32 /* PlayMVC.app */,
			);
			name = Products;
			sourceTree = "<group>";
		};
		E30FC4172BDBAB0D00464D32 /* PlayMVC */ = {
			isa = PBXGroup;
			children = (
				E34DA2C12BDD4B6400ACF198 /* Flow */,
				E33CA03A2BDD474E009AE2B8 /* Supporting filles */,
				E383994D2BDD41CE00B3AD28 /* Models */,
				E383994C2BDD41C600B3AD28 /* Network */,
				E34DA2C02BDD4B0100ACF198 /* Objects and Extensions */,
			);
			path = PlayMVC;
			sourceTree = "<group>";
		};
		E33CA03A2BDD474E009AE2B8 /* Supporting filles */ = {
			isa = PBXGroup;
			children = (
				E30FC4212BDBAB1300464D32 /* Assets.xcassets */,
				E30FC4262BDBAB1300464D32 /* Info.plist */,
				E30FC4182BDBAB0D00464D32 /* AppDelegate.swift */,
				E30FC41A2BDBAB0D00464D32 /* SceneDelegate.swift */,
			);
			path = "Supporting filles";
			sourceTree = "<group>";
		};
		E33CA03B2BDD4868009AE2B8 /* Xib and Storyboard */ = {
			isa = PBXGroup;
			children = (
				E3FE6DEA2BDD49B40061D387 /* SecondVC.xib */,
				E30FC41E2BDBAB0D00464D32 /* Main.storyboard */,
				E30FC4232BDBAB1300464D32 /* LaunchScreen.storyboard */,
			);
			path = "Xib and Storyboard";
			sourceTree = "<group>";
		};
		E34DA2C02BDD4B0100ACF198 /* Objects and Extensions */ = {
			isa = PBXGroup;
			children = (
				E30FC42C2BDBACAB00464D32 /* TimerObject.swift */,
				E34630E02BDBE4E50062376D /* Extensions.swift */,
				E3F3A1102BDE54D4005B61FA /* CacheManager.swift */,
			);
			path = "Objects and Extensions";
			sourceTree = "<group>";
		};
		E34DA2C12BDD4B6400ACF198 /* Flow */ = {
			isa = PBXGroup;
			children = (
				E39418A62BDEE41B00D454F7 /* Coordinator */,
				E34DA2C42BDD5D5B00ACF198 /* Cell from ThirdVC */,
				E3FE6DEC2BDD49F90061D387 /* Cell from SecondVC */,
				E33CA03B2BDD4868009AE2B8 /* Xib and Storyboard */,
				E383994B2BDD3F4F00B3AD28 /* Controllers */,
			);
			path = Flow;
			sourceTree = "<group>";
		};
		E34DA2C42BDD5D5B00ACF198 /* Cell from ThirdVC */ = {
			isa = PBXGroup;
			children = (
				E34DA2C52BDD5DBD00ACF198 /* ButtonCell.xib */,
				E34DA2C72BDD5DE400ACF198 /* ButtonCell.swift */,
			);
			path = "Cell from ThirdVC";
			sourceTree = "<group>";
		};
		E383994B2BDD3F4F00B3AD28 /* Controllers */ = {
			isa = PBXGroup;
			children = (
				E30FC41C2BDBAB0D00464D32 /* MainVC.swift */,
				E34630E22BDBE7C80062376D /* SecondVC.swift */,
				E34DA2C22BDD504600ACF198 /* ThirdVC.swift */,
			);
			path = Controllers;
			sourceTree = "<group>";
		};
		E383994C2BDD41C600B3AD28 /* Network */ = {
			isa = PBXGroup;
			children = (
				E38399432BDD0E2900B3AD28 /* NetworkManager.swift */,
			);
			path = Network;
			sourceTree = "<group>";
		};
		E383994D2BDD41CE00B3AD28 /* Models */ = {
			isa = PBXGroup;
			children = (
				E3497B6E2BDC393500179232 /* Model.swift */,
			);
			path = Models;
			sourceTree = "<group>";
		};
		E39418A62BDEE41B00D454F7 /* Coordinator */ = {
			isa = PBXGroup;
			children = (
				E3DB92662BDEA3DD00CF3F49 /* MainCoordinator.swift */,
			);
			path = Coordinator;
			sourceTree = "<group>";
		};
		E3FE6DEC2BDD49F90061D387 /* Cell from SecondVC */ = {
			isa = PBXGroup;
			children = (
				E34DA2BE2BDD4A6D00ACF198 /* InfoCell.xib */,
				E38399492BDD257500B3AD28 /* InfoCell.swift */,
			);
			path = "Cell from SecondVC";
			sourceTree = "<group>";
		};
/* End PBXGroup section */

/* Begin PBXNativeTarget section */
		E30FC4142BDBAB0D00464D32 /* PlayMVC */ = {
			isa = PBXNativeTarget;
			buildConfigurationList = E30FC4292BDBAB1300464D32 /* Build configuration list for PBXNativeTarget "PlayMVC" */;
			buildPhases = (
				E30FC4112BDBAB0D00464D32 /* Sources */,
				E30FC4122BDBAB0D00464D32 /* Frameworks */,
				E30FC4132BDBAB0D00464D32 /* Resources */,
			);
			buildRules = (
			);
			dependencies = (
			);
			name = PlayMVC;
			packageProductDependencies = (
				E34630E72BDBE9FB0062376D /* Alamofire */,
			);
			productName = PlayMVC;
			productReference = E30FC4152BDBAB0D00464D32 /* PlayMVC.app */;
			productType = "com.apple.product-type.application";
		};
/* End PBXNativeTarget section */

/* Begin PBXProject section */
		E30FC40D2BDBAB0D00464D32 /* Project object */ = {
			isa = PBXProject;
			attributes = {
				BuildIndependentTargetsInParallel = 1;
				LastSwiftUpdateCheck = 1420;
				LastUpgradeCheck = 1420;
				TargetAttributes = {
					E30FC4142BDBAB0D00464D32 = {
						CreatedOnToolsVersion = 14.2;
					};
				};
			};
			buildConfigurationList = E30FC4102BDBAB0D00464D32 /* Build configuration list for PBXProject "PlayMVC" */;
			compatibilityVersion = "Xcode 14.0";
			developmentRegion = en;
			hasScannedForEncodings = 0;
			knownRegions = (
				en,
				Base,
			);
			mainGroup = E30FC40C2BDBAB0D00464D32;
			packageReferences = (
				E34630E62BDBE9FB0062376D /* XCRemoteSwiftPackageReference "Alamofire" */,
			);
			productRefGroup = E30FC4162BDBAB0D00464D32 /* Products */;
			projectDirPath = "";
			projectRoot = "";
			targets = (
				E30FC4142BDBAB0D00464D32 /* PlayMVC */,
			);
		};
/* End PBXProject section */

/* Begin PBXResourcesBuildPhase section */
		E30FC4132BDBAB0D00464D32 /* Resources */ = {
			isa = PBXResourcesBuildPhase;
			buildActionMask = 2147483647;
			files = (
				E3FE6DEB2BDD49B40061D387 /* SecondVC.xib in Resources */,
				E34DA2BF2BDD4A6D00ACF198 /* InfoCell.xib in Resources */,
				E30FC4252BDBAB1300464D32 /* LaunchScreen.storyboard in Resources */,
				E34DA2C62BDD5DBE00ACF198 /* ButtonCell.xib in Resources */,
				E30FC4222BDBAB1300464D32 /* Assets.xcassets in Resources */,
				E30FC4202BDBAB0D00464D32 /* Main.storyboard in Resources */,
			);
			runOnlyForDeploymentPostprocessing = 0;
		};
/* End PBXResourcesBuildPhase section */

/* Begin PBXSourcesBuildPhase section */
		E30FC4112BDBAB0D00464D32 /* Sources */ = {
			isa = PBXSourcesBuildPhase;
			buildActionMask = 2147483647;
			files = (
				E3497B6F2BDC393500179232 /* Model.swift in Sources */,
				E34630E12BDBE4E60062376D /* Extensions.swift in Sources */,
				E3DB92672BDEA3DD00CF3F49 /* MainCoordinator.swift in Sources */,
				E30FC41D2BDBAB0D00464D32 /* MainVC.swift in Sources */,
				E30FC4192BDBAB0D00464D32 /* AppDelegate.swift in Sources */,
				E3F3A1112BDE54D4005B61FA /* CacheManager.swift in Sources */,
				E34DA2C32BDD504600ACF198 /* ThirdVC.swift in Sources */,
				E38399442BDD0E2900B3AD28 /* NetworkManager.swift in Sources */,
				E383994A2BDD257500B3AD28 /* InfoCell.swift in Sources */,
				E30FC42D2BDBACAB00464D32 /* TimerObject.swift in Sources */,
				E34DA2C82BDD5DE400ACF198 /* ButtonCell.swift in Sources */,
				E34630E42BDBE7C80062376D /* SecondVC.swift in Sources */,
				E30FC41B2BDBAB0D00464D32 /* SceneDelegate.swift in Sources */,
			);
			runOnlyForDeploymentPostprocessing = 0;
		};
/* End PBXSourcesBuildPhase section */

/* Begin PBXVariantGroup section */
		E30FC41E2BDBAB0D00464D32 /* Main.storyboard */ = {
			isa = PBXVariantGroup;
			children = (
				E30FC41F2BDBAB0D00464D32 /* Base */,
			);
			name = Main.storyboard;
			sourceTree = "<group>";
		};
		E30FC4232BDBAB1300464D32 /* LaunchScreen.storyboard */ = {
			isa = PBXVariantGroup;
			children = (
				E30FC4242BDBAB1300464D32 /* Base */,
			);
			name = LaunchScreen.storyboard;
			sourceTree = "<group>";
		};
/* End PBXVariantGroup section */

/* Begin XCBuildConfiguration section */
		E30FC4272BDBAB1300464D32 /* Debug */ = {
			isa = XCBuildConfiguration;
			buildSettings = {
				ALWAYS_SEARCH_USER_PATHS = NO;
				CLANG_ANALYZER_NONNULL = YES;
				CLANG_ANALYZER_NUMBER_OBJECT_CONVERSION = YES_AGGRESSIVE;
				CLANG_CXX_LANGUAGE_STANDARD = "gnu++20";
				CLANG_ENABLE_MODULES = YES;
				CLANG_ENABLE_OBJC_ARC = YES;
				CLANG_ENABLE_OBJC_WEAK = YES;
				CLANG_WARN_BLOCK_CAPTURE_AUTORELEASING = YES;
				CLANG_WARN_BOOL_CONVERSION = YES;
				CLANG_WARN_COMMA = YES;
				CLANG_WARN_CONSTANT_CONVERSION = YES;
				CLANG_WARN_DEPRECATED_OBJC_IMPLEMENTATIONS = YES;
				CLANG_WARN_DIRECT_OBJC_ISA_USAGE = YES_ERROR;
				CLANG_WARN_DOCUMENTATION_COMMENTS = YES;
				CLANG_WARN_EMPTY_BODY = YES;
				CLANG_WARN_ENUM_CONVERSION = YES;
				CLANG_WARN_INFINITE_RECURSION = YES;
				CLANG_WARN_INT_CONVERSION = YES;
				CLANG_WARN_NON_LITERAL_NULL_CONVERSION = YES;
				CLANG_WARN_OBJC_IMPLICIT_RETAIN_SELF = YES;
				CLANG_WARN_OBJC_LITERAL_CONVERSION = YES;
				CLANG_WARN_OBJC_ROOT_CLASS = YES_ERROR;
				CLANG_WARN_QUOTED_INCLUDE_IN_FRAMEWORK_HEADER = YES;
				CLANG_WARN_RANGE_LOOP_ANALYSIS = YES;
				CLANG_WARN_STRICT_PROTOTYPES = YES;
				CLANG_WARN_SUSPICIOUS_MOVE = YES;
				CLANG_WARN_UNGUARDED_AVAILABILITY = YES_AGGRESSIVE;
				CLANG_WARN_UNREACHABLE_CODE = YES;
				CLANG_WARN__DUPLICATE_METHOD_MATCH = YES;
				COPY_PHASE_STRIP = NO;
				DEBUG_INFORMATION_FORMAT = dwarf;
				ENABLE_STRICT_OBJC_MSGSEND = YES;
				ENABLE_TESTABILITY = YES;
				GCC_C_LANGUAGE_STANDARD = gnu11;
				GCC_DYNAMIC_NO_PIC = NO;
				GCC_NO_COMMON_BLOCKS = YES;
				GCC_OPTIMIZATION_LEVEL = 0;
				GCC_PREPROCESSOR_DEFINITIONS = (
					"DEBUG=1",
					"$(inherited)",
				);
				GCC_WARN_64_TO_32_BIT_CONVERSION = YES;
				GCC_WARN_ABOUT_RETURN_TYPE = YES_ERROR;
				GCC_WARN_UNDECLARED_SELECTOR = YES;
				GCC_WARN_UNINITIALIZED_AUTOS = YES_AGGRESSIVE;
				GCC_WARN_UNUSED_FUNCTION = YES;
				GCC_WARN_UNUSED_VARIABLE = YES;
				IPHONEOS_DEPLOYMENT_TARGET = 16.2;
				MTL_ENABLE_DEBUG_INFO = INCLUDE_SOURCE;
				MTL_FAST_MATH = YES;
				ONLY_ACTIVE_ARCH = YES;
				SDKROOT = iphoneos;
				SWIFT_ACTIVE_COMPILATION_CONDITIONS = DEBUG;
				SWIFT_OPTIMIZATION_LEVEL = "-Onone";
			};
			name = Debug;
		};
		E30FC4282BDBAB1300464D32 /* Release */ = {
			isa = XCBuildConfiguration;
			buildSettings = {
				ALWAYS_SEARCH_USER_PATHS = NO;
				CLANG_ANALYZER_NONNULL = YES;
				CLANG_ANALYZER_NUMBER_OBJECT_CONVERSION = YES_AGGRESSIVE;
				CLANG_CXX_LANGUAGE_STANDARD = "gnu++20";
				CLANG_ENABLE_MODULES = YES;
				CLANG_ENABLE_OBJC_ARC = YES;
				CLANG_ENABLE_OBJC_WEAK = YES;
				CLANG_WARN_BLOCK_CAPTURE_AUTORELEASING = YES;
				CLANG_WARN_BOOL_CONVERSION = YES;
				CLANG_WARN_COMMA = YES;
				CLANG_WARN_CONSTANT_CONVERSION = YES;
				CLANG_WARN_DEPRECATED_OBJC_IMPLEMENTATIONS = YES;
				CLANG_WARN_DIRECT_OBJC_ISA_USAGE = YES_ERROR;
				CLANG_WARN_DOCUMENTATION_COMMENTS = YES;
				CLANG_WARN_EMPTY_BODY = YES;
				CLANG_WARN_ENUM_CONVERSION = YES;
				CLANG_WARN_INFINITE_RECURSION = YES;
				CLANG_WARN_INT_CONVERSION = YES;
				CLANG_WARN_NON_LITERAL_NULL_CONVERSION = YES;
				CLANG_WARN_OBJC_IMPLICIT_RETAIN_SELF = YES;
				CLANG_WARN_OBJC_LITERAL_CONVERSION = YES;
				CLANG_WARN_OBJC_ROOT_CLASS = YES_ERROR;
				CLANG_WARN_QUOTED_INCLUDE_IN_FRAMEWORK_HEADER = YES;
				CLANG_WARN_RANGE_LOOP_ANALYSIS = YES;
				CLANG_WARN_STRICT_PROTOTYPES = YES;
				CLANG_WARN_SUSPICIOUS_MOVE = YES;
				CLANG_WARN_UNGUARDED_AVAILABILITY = YES_AGGRESSIVE;
				CLANG_WARN_UNREACHABLE_CODE = YES;
				CLANG_WARN__DUPLICATE_METHOD_MATCH = YES;
				COPY_PHASE_STRIP = NO;
				DEBUG_INFORMATION_FORMAT = "dwarf-with-dsym";
				ENABLE_NS_ASSERTIONS = NO;
				ENABLE_STRICT_OBJC_MSGSEND = YES;
				GCC_C_LANGUAGE_STANDARD = gnu11;
				GCC_NO_COMMON_BLOCKS = YES;
				GCC_WARN_64_TO_32_BIT_CONVERSION = YES;
				GCC_WARN_ABOUT_RETURN_TYPE = YES_ERROR;
				GCC_WARN_UNDECLARED_SELECTOR = YES;
				GCC_WARN_UNINITIALIZED_AUTOS = YES_AGGRESSIVE;
				GCC_WARN_UNUSED_FUNCTION = YES;
				GCC_WARN_UNUSED_VARIABLE = YES;
				IPHONEOS_DEPLOYMENT_TARGET = 16.2;
				MTL_ENABLE_DEBUG_INFO = NO;
				MTL_FAST_MATH = YES;
				SDKROOT = iphoneos;
				SWIFT_COMPILATION_MODE = wholemodule;
				SWIFT_OPTIMIZATION_LEVEL = "-O";
				VALIDATE_PRODUCT = YES;
			};
			name = Release;
		};
		E30FC42A2BDBAB1300464D32 /* Debug */ = {
			isa = XCBuildConfiguration;
			buildSettings = {
				ASSETCATALOG_COMPILER_APPICON_NAME = AppIcon;
				ASSETCATALOG_COMPILER_GLOBAL_ACCENT_COLOR_NAME = AccentColor;
				CODE_SIGN_STYLE = Automatic;
				CURRENT_PROJECT_VERSION = 1;
				DEVELOPMENT_TEAM = 6XK3NFM9Y7;
				GENERATE_INFOPLIST_FILE = YES;
				INFOPLIST_FILE = "PlayMVC/Supporting filles/Info.plist";
				INFOPLIST_KEY_UIApplicationSupportsIndirectInputEvents = YES;
				INFOPLIST_KEY_UILaunchStoryboardName = LaunchScreen;
				INFOPLIST_KEY_UIMainStoryboardFile = Main;
				INFOPLIST_KEY_UISupportedInterfaceOrientations_iPad = "UIInterfaceOrientationPortrait UIInterfaceOrientationPortraitUpsideDown UIInterfaceOrientationLandscapeLeft UIInterfaceOrientationLandscapeRight";
				INFOPLIST_KEY_UISupportedInterfaceOrientations_iPhone = "UIInterfaceOrientationPortrait UIInterfaceOrientationLandscapeLeft UIInterfaceOrientationLandscapeRight";
				LD_RUNPATH_SEARCH_PATHS = (
					"$(inherited)",
					"@executable_path/Frameworks",
				);
				MARKETING_VERSION = 1.0;
				PRODUCT_BUNDLE_IDENTIFIER = nazar.PlayMVC;
				PRODUCT_NAME = "$(TARGET_NAME)";
				SWIFT_EMIT_LOC_STRINGS = YES;
				SWIFT_VERSION = 5.0;
				TARGETED_DEVICE_FAMILY = "1,2";
			};
			name = Debug;
		};
		E30FC42B2BDBAB1300464D32 /* Release */ = {
			isa = XCBuildConfiguration;
			buildSettings = {
				ASSETCATALOG_COMPILER_APPICON_NAME = AppIcon;
				ASSETCATALOG_COMPILER_GLOBAL_ACCENT_COLOR_NAME = AccentColor;
				CODE_SIGN_STYLE = Automatic;
				CURRENT_PROJECT_VERSION = 1;
				DEVELOPMENT_TEAM = 6XK3NFM9Y7;
				GENERATE_INFOPLIST_FILE = YES;
				INFOPLIST_FILE = "PlayMVC/Supporting filles/Info.plist";
				INFOPLIST_KEY_UIApplicationSupportsIndirectInputEvents = YES;
				INFOPLIST_KEY_UILaunchStoryboardName = LaunchScreen;
				INFOPLIST_KEY_UIMainStoryboardFile = Main;
				INFOPLIST_KEY_UISupportedInterfaceOrientations_iPad = "UIInterfaceOrientationPortrait UIInterfaceOrientationPortraitUpsideDown UIInterfaceOrientationLandscapeLeft UIInterfaceOrientationLandscapeRight";
				INFOPLIST_KEY_UISupportedInterfaceOrientations_iPhone = "UIInterfaceOrientationPortrait UIInterfaceOrientationLandscapeLeft UIInterfaceOrientationLandscapeRight";
				LD_RUNPATH_SEARCH_PATHS = (
					"$(inherited)",
					"@executable_path/Frameworks",
				);
				MARKETING_VERSION = 1.0;
				PRODUCT_BUNDLE_IDENTIFIER = nazar.PlayMVC;
				PRODUCT_NAME = "$(TARGET_NAME)";
				SWIFT_EMIT_LOC_STRINGS = YES;
				SWIFT_VERSION = 5.0;
				TARGETED_DEVICE_FAMILY = "1,2";
			};
			name = Release;
		};
/* End XCBuildConfiguration section */

/* Begin XCConfigurationList section */
		E30FC4102BDBAB0D00464D32 /* Build configuration list for PBXProject "PlayMVC" */ = {
			isa = XCConfigurationList;
			buildConfigurations = (
				E30FC4272BDBAB1300464D32 /* Debug */,
				E30FC4282BDBAB1300464D32 /* Release */,
			);
			defaultConfigurationIsVisible = 0;
			defaultConfigurationName = Release;
		};
		E30FC4292BDBAB1300464D32 /* Build configuration list for PBXNativeTarget "PlayMVC" */ = {
			isa = XCConfigurationList;
			buildConfigurations = (
				E30FC42A2BDBAB1300464D32 /* Debug */,
				E30FC42B2BDBAB1300464D32 /* Release */,
			);
			defaultConfigurationIsVisible = 0;
			defaultConfigurationName = Release;
		};
/* End XCConfigurationList section */

/* Begin XCRemoteSwiftPackageReference section */
		E34630E62BDBE9FB0062376D /* XCRemoteSwiftPackageReference "Alamofire" */ = {
			isa = XCRemoteSwiftPackageReference;
			repositoryURL = "https://github.com/Alamofire/Alamofire";
			requirement = {
				kind = upToNextMajorVersion;
				minimumVersion = 5.0.0;
			};
		};
/* End XCRemoteSwiftPackageReference section */

/* Begin XCSwiftPackageProductDependency section */
		E34630E72BDBE9FB0062376D /* Alamofire */ = {
			isa = XCSwiftPackageProductDependency;
			package = E34630E62BDBE9FB0062376D /* XCRemoteSwiftPackageReference "Alamofire" */;
			productName = Alamofire;
		};
/* End XCSwiftPackageProductDependency section */
	};
	rootObject = E30FC40D2BDBAB0D00464D32 /* Project object */;
}
